// !$*UTF8*$!
{
	archiveVersion = 1;
	classes = {
	};
	objectVersion = 42;
	objects = {

/* Begin PBXBuildFile section */
		8D11072A0486CEB800E47090 /* MainMenu.nib in Resources */ = {isa = PBXBuildFile; fileRef = 29B97318FDCFA39411CA2CEA /* MainMenu.nib */; };
		8D11072B0486CEB800E47090 /* InfoPlist.strings in Resources */ = {isa = PBXBuildFile; fileRef = 089C165CFE840E0CC02AAC07 /* InfoPlist.strings */; };
		CE20913C0939AF98008697DE /* AppController.m in Sources */ = {isa = PBXBuildFile; fileRef = CEA8305809029C98003FFFDB /* AppController.m */; };
		CE2091500939AFED008697DE /* main.m in Sources */ = {isa = PBXBuildFile; fileRef = 29B97316FDCFA39411CA2CEA /* main.m */; };
		CE2091520939B008008697DE /* wr.tiff in Resources */ = {isa = PBXBuildFile; fileRef = CED33C01091E36EF005B773B /* wr.tiff */; };
		CE2091530939B009008697DE /* wq.tiff in Resources */ = {isa = PBXBuildFile; fileRef = CED33C00091E36EF005B773B /* wq.tiff */; };
		CE2091540939B00A008697DE /* wp.tiff in Resources */ = {isa = PBXBuildFile; fileRef = CED33BFF091E36EF005B773B /* wp.tiff */; };
		CE2091550939B00B008697DE /* wn.tiff in Resources */ = {isa = PBXBuildFile; fileRef = CED33BFE091E36EF005B773B /* wn.tiff */; };
		CE2091560939B00B008697DE /* wk.tiff in Resources */ = {isa = PBXBuildFile; fileRef = CED33BFD091E36EF005B773B /* wk.tiff */; };
		CE2091570939B00C008697DE /* wb.tiff in Resources */ = {isa = PBXBuildFile; fileRef = CED33BFC091E36EF005B773B /* wb.tiff */; };
		CE2091580939B014008697DE /* br.tiff in Resources */ = {isa = PBXBuildFile; fileRef = CED33BFB091E36EF005B773B /* br.tiff */; };
		CE2091590939B015008697DE /* bq.tiff in Resources */ = {isa = PBXBuildFile; fileRef = CED33BFA091E36EF005B773B /* bq.tiff */; };
		CE20915A0939B015008697DE /* bp.tiff in Resources */ = {isa = PBXBuildFile; fileRef = CED33BF9091E36EF005B773B /* bp.tiff */; };
		CE20915B0939B016008697DE /* Board.m in Sources */ = {isa = PBXBuildFile; fileRef = CE9CFDDD0937565D00724529 /* Board.m */; };
		CE20915C0939B019008697DE /* bn.tiff in Resources */ = {isa = PBXBuildFile; fileRef = CED33BF8091E36EF005B773B /* bn.tiff */; };
		CE20915D0939B019008697DE /* bk.tiff in Resources */ = {isa = PBXBuildFile; fileRef = CED33BF7091E36EF005B773B /* bk.tiff */; };
		CE20915E0939B01A008697DE /* bb.tiff in Resources */ = {isa = PBXBuildFile; fileRef = CED33BF4091E36E0005B773B /* bb.tiff */; };
		CE2091600939B039008697DE /* Foundation.framework in Frameworks */ = {isa = PBXBuildFile; fileRef = 29B97325FDCFA39411CA2CEA /* Foundation.framework */; };
		CE2091610939B03A008697DE /* Cocoa.framework in Frameworks */ = {isa = PBXBuildFile; fileRef = 1058C7A1FEA54F0111CA2CBB /* Cocoa.framework */; };
		CE2091620939B041008697DE /* AppKit.framework in Frameworks */ = {isa = PBXBuildFile; fileRef = 29B97324FDCFA39411CA2CEA /* AppKit.framework */; };
		CE2091740939B16A008697DE /* ChessServerListControl.m in Sources */ = {isa = PBXBuildFile; fileRef = CE9CFDF1093758E100724529 /* ChessServerListControl.m */; };
		CE2091750939B16C008697DE /* ChessServerList.m in Sources */ = {isa = PBXBuildFile; fileRef = CE9CFDEC093758CF00724529 /* ChessServerList.m */; };
		CE2091760939B17D008697DE /* CoreData.framework in Frameworks */ = {isa = PBXBuildFile; fileRef = 13E42FB307B3F0F600E4EEF1 /* CoreData.framework */; };
		CE2091770939B185008697DE /* ServerSelector.nib in Resources */ = {isa = PBXBuildFile; fileRef = CE7D60FB0939A15A00AC6D87 /* ServerSelector.nib */; };
		CE20923F0939B71F008697DE /* ChessServer.m in Sources */ = {isa = PBXBuildFile; fileRef = CEAE437A090B4B8F00B56E1C /* ChessServer.m */; };
		CE2092D20939C5C6008697DE /* Info.plist in Resources */ = {isa = PBXBuildFile; fileRef = 8D1107310486CEB800E47090 /* Info.plist */; };
		CE69B08D094BB4F400F4E6D9 /* ChessServerConnection.m in Sources */ = {isa = PBXBuildFile; fileRef = CE7D606B093945EC00AC6D87 /* ChessServerConnection.m */; };
		CE69B23E094BCE8400F4E6D9 /* GameWindowController.m in Sources */ = {isa = PBXBuildFile; fileRef = CE7D60CB0939942600AC6D87 /* GameWindowController.m */; };
		CE69B2F6094BD9E500F4E6D9 /* GameWindow.nib in Resources */ = {isa = PBXBuildFile; fileRef = CE7D60D609399D0000AC6D87 /* GameWindow.nib */; };
		CE69B300094BDA4B00F4E6D9 /* ChessView.m in Sources */ = {isa = PBXBuildFile; fileRef = CEA8303509028C85003FFFDB /* ChessView.m */; };
		CE6E4342095113CA00202A86 /* PatternMatching.m in Sources */ = {isa = PBXBuildFile; fileRef = CE6E4341095113CA00202A86 /* PatternMatching.m */; };
		CE9A655E094E532E001628CC /* Game.m in Sources */ = {isa = PBXBuildFile; fileRef = CEA0CBE009015EAC00BF913A /* Game.m */; };
		CEDE1124094C431E0085CC1F /* Seek.m in Sources */ = {isa = PBXBuildFile; fileRef = CE8D9BC7090B96B000864136 /* Seek.m */; };
		CEDE1245094C6B020085CC1F /* ChessMove.m in Sources */ = {isa = PBXBuildFile; fileRef = CE9CFDE2093756DF00724529 /* ChessMove.m */; };
/* End PBXBuildFile section */

/* Begin PBXBuildStyle section */
		4A9504CCFFE6A4B311CA0CBA /* Debug */ = {
			isa = PBXBuildStyle;
			buildSettings = {
				COPY_PHASE_STRIP = NO;
				GCC_DYNAMIC_NO_PIC = NO;
				GCC_ENABLE_FIX_AND_CONTINUE = YES;
				GCC_GENERATE_DEBUGGING_SYMBOLS = YES;
				GCC_OPTIMIZATION_LEVEL = 0;
				PREBINDING = NO;
				ZERO_LINK = YES;
			};
			name = Debug;
		};
		4A9504CDFFE6A4B311CA0CBA /* Release */ = {
			isa = PBXBuildStyle;
			buildSettings = {
				COPY_PHASE_STRIP = YES;
				GCC_ENABLE_FIX_AND_CONTINUE = NO;
				GCC_GENERATE_DEBUGGING_SYMBOLS = NO;
				PREBINDING = NO;
				ZERO_LINK = NO;
			};
			name = Release;
		};
/* End PBXBuildStyle section */

/* Begin PBXFileReference section */
		089C165DFE840E0CC02AAC07 /* English */ = {isa = PBXFileReference; fileEncoding = 10; lastKnownFileType = text.plist.strings; name = English; path = English.lproj/InfoPlist.strings; sourceTree = "<group>"; };
		1058C7A1FEA54F0111CA2CBB /* Cocoa.framework */ = {isa = PBXFileReference; lastKnownFileType = wrapper.framework; name = Cocoa.framework; path = /System/Library/Frameworks/Cocoa.framework; sourceTree = "<absolute>"; };
		13E42FB307B3F0F600E4EEF1 /* CoreData.framework */ = {isa = PBXFileReference; lastKnownFileType = wrapper.framework; name = CoreData.framework; path = /System/Library/Frameworks/CoreData.framework; sourceTree = "<absolute>"; };
		29B97316FDCFA39411CA2CEA /* main.m */ = {isa = PBXFileReference; fileEncoding = 4; lastKnownFileType = sourcecode.c.objc; path = main.m; sourceTree = "<group>"; };
		29B97319FDCFA39411CA2CEA /* English */ = {isa = PBXFileReference; lastKnownFileType = wrapper.nib; name = English; path = English.lproj/MainMenu.nib; sourceTree = "<group>"; };
		29B97324FDCFA39411CA2CEA /* AppKit.framework */ = {isa = PBXFileReference; lastKnownFileType = wrapper.framework; name = AppKit.framework; path = /System/Library/Frameworks/AppKit.framework; sourceTree = "<absolute>"; };
		29B97325FDCFA39411CA2CEA /* Foundation.framework */ = {isa = PBXFileReference; lastKnownFileType = wrapper.framework; name = Foundation.framework; path = /System/Library/Frameworks/Foundation.framework; sourceTree = "<absolute>"; };
		32CA4F630368D1EE00C91783 /* icsinterface_Prefix.pch */ = {isa = PBXFileReference; fileEncoding = 4; lastKnownFileType = sourcecode.c.h; path = icsinterface_Prefix.pch; sourceTree = "<group>"; };
		8D1107310486CEB800E47090 /* Info.plist */ = {isa = PBXFileReference; fileEncoding = 4; lastKnownFileType = text.plist; path = Info.plist; sourceTree = "<group>"; };
		8D1107320486CEB800E47090 /* icsinterface.app */ = {isa = PBXFileReference; explicitFileType = wrapper.application; includeInIndex = 0; path = icsinterface.app; sourceTree = BUILT_PRODUCTS_DIR; };
		CE69B0D3094BB6D900F4E6D9 /* global.h */ = {isa = PBXFileReference; fileEncoding = 4; lastKnownFileType = sourcecode.c.h; path = global.h; sourceTree = "<group>"; };
		CE6E4340095113CA00202A86 /* PatternMatching.h */ = {isa = PBXFileReference; fileEncoding = 4; lastKnownFileType = sourcecode.c.h; path = PatternMatching.h; sourceTree = "<group>"; };
		CE6E4341095113CA00202A86 /* PatternMatching.m */ = {isa = PBXFileReference; fileEncoding = 4; lastKnownFileType = sourcecode.c.objc; path = PatternMatching.m; sourceTree = "<group>"; };
		CE7D606A093945EC00AC6D87 /* ChessServerConnection.h */ = {isa = PBXFileReference; fileEncoding = 4; lastKnownFileType = sourcecode.c.h; path = ChessServerConnection.h; sourceTree = "<group>"; };
		CE7D606B093945EC00AC6D87 /* ChessServerConnection.m */ = {isa = PBXFileReference; fileEncoding = 4; lastKnownFileType = sourcecode.c.objc; path = ChessServerConnection.m; sourceTree = "<group>"; };
		CE7D60CA0939942600AC6D87 /* GameWindowController.h */ = {isa = PBXFileReference; fileEncoding = 4; lastKnownFileType = sourcecode.c.h; path = GameWindowController.h; sourceTree = "<group>"; };
		CE7D60CB0939942600AC6D87 /* GameWindowController.m */ = {isa = PBXFileReference; fileEncoding = 4; lastKnownFileType = sourcecode.c.objc; path = GameWindowController.m; sourceTree = "<group>"; };
		CE7D60D609399D0000AC6D87 /* GameWindow.nib */ = {isa = PBXFileReference; lastKnownFileType = wrapper.nib; path = GameWindow.nib; sourceTree = "<group>"; };
		CE7D60FB0939A15A00AC6D87 /* ServerSelector.nib */ = {isa = PBXFileReference; lastKnownFileType = wrapper.nib; path = ServerSelector.nib; sourceTree = "<group>"; };
		CE8D9BC6090B96B000864136 /* Seek.h */ = {isa = PBXFileReference; fileEncoding = 4; lastKnownFileType = sourcecode.c.h; path = Seek.h; sourceTree = "<group>"; };
		CE8D9BC7090B96B000864136 /* Seek.m */ = {isa = PBXFileReference; fileEncoding = 4; lastKnownFileType = sourcecode.c.objc; path = Seek.m; sourceTree = "<group>"; };
		CE9CFDDC0937565D00724529 /* Board.h */ = {isa = PBXFileReference; fileEncoding = 4; lastKnownFileType = sourcecode.c.h; path = Board.h; sourceTree = "<group>"; };
		CE9CFDDD0937565D00724529 /* Board.m */ = {isa = PBXFileReference; fileEncoding = 4; lastKnownFileType = sourcecode.c.objc; path = Board.m; sourceTree = "<group>"; };
		CE9CFDE1093756DF00724529 /* ChessMove.h */ = {isa = PBXFileReference; fileEncoding = 4; lastKnownFileType = sourcecode.c.h; path = ChessMove.h; sourceTree = "<group>"; };
		CE9CFDE2093756DF00724529 /* ChessMove.m */ = {isa = PBXFileReference; fileEncoding = 4; lastKnownFileType = sourcecode.c.objc; path = ChessMove.m; sourceTree = "<group>"; };
		CE9CFDEB093758CF00724529 /* ChessServerList.h */ = {isa = PBXFileReference; fileEncoding = 4; lastKnownFileType = sourcecode.c.h; path = ChessServerList.h; sourceTree = "<group>"; };
		CE9CFDEC093758CF00724529 /* ChessServerList.m */ = {isa = PBXFileReference; fileEncoding = 4; lastKnownFileType = sourcecode.c.objc; path = ChessServerList.m; sourceTree = "<group>"; };
		CE9CFDF0093758E100724529 /* ChessServerListControl.h */ = {isa = PBXFileReference; fileEncoding = 4; lastKnownFileType = sourcecode.c.h; path = ChessServerListControl.h; sourceTree = "<group>"; };
		CE9CFDF1093758E100724529 /* ChessServerListControl.m */ = {isa = PBXFileReference; fileEncoding = 4; lastKnownFileType = sourcecode.c.objc; path = ChessServerListControl.m; sourceTree = "<group>"; };
		CEA0CBDF09015EAC00BF913A /* Game.h */ = {isa = PBXFileReference; fileEncoding = 4; lastKnownFileType = sourcecode.c.h; path = Game.h; sourceTree = "<group>"; };
		CEA0CBE009015EAC00BF913A /* Game.m */ = {isa = PBXFileReference; fileEncoding = 4; lastKnownFileType = sourcecode.c.objc; path = Game.m; sourceTree = "<group>"; };
		CEA8303409028C85003FFFDB /* ChessView.h */ = {isa = PBXFileReference; fileEncoding = 30; lastKnownFileType = sourcecode.c.h; path = ChessView.h; sourceTree = "<group>"; };
		CEA8303509028C85003FFFDB /* ChessView.m */ = {isa = PBXFileReference; fileEncoding = 30; lastKnownFileType = sourcecode.c.objc; path = ChessView.m; sourceTree = "<group>"; };
		CEA8305709029C98003FFFDB /* AppController.h */ = {isa = PBXFileReference; fileEncoding = 30; lastKnownFileType = sourcecode.c.h; path = AppController.h; sourceTree = "<group>"; };
		CEA8305809029C98003FFFDB /* AppController.m */ = {isa = PBXFileReference; fileEncoding = 30; lastKnownFileType = sourcecode.c.objc; path = AppController.m; sourceTree = "<group>"; };
		CEAE4379090B4B8F00B56E1C /* ChessServer.h */ = {isa = PBXFileReference; fileEncoding = 4; lastKnownFileType = sourcecode.c.h; path = ChessServer.h; sourceTree = "<group>"; };
		CEAE437A090B4B8F00B56E1C /* ChessServer.m */ = {isa = PBXFileReference; fileEncoding = 4; lastKnownFileType = sourcecode.c.objc; path = ChessServer.m; sourceTree = "<group>"; };
		CED33BF4091E36E0005B773B /* bb.tiff */ = {isa = PBXFileReference; lastKnownFileType = image.tiff; name = bb.tiff; path = pieces/bb.tiff; sourceTree = "<group>"; };
		CED33BF7091E36EF005B773B /* bk.tiff */ = {isa = PBXFileReference; lastKnownFileType = image.tiff; name = bk.tiff; path = pieces/bk.tiff; sourceTree = "<group>"; };
		CED33BF8091E36EF005B773B /* bn.tiff */ = {isa = PBXFileReference; lastKnownFileType = image.tiff; name = bn.tiff; path = pieces/bn.tiff; sourceTree = "<group>"; };
		CED33BF9091E36EF005B773B /* bp.tiff */ = {isa = PBXFileReference; lastKnownFileType = image.tiff; name = bp.tiff; path = pieces/bp.tiff; sourceTree = "<group>"; };
		CED33BFA091E36EF005B773B /* bq.tiff */ = {isa = PBXFileReference; lastKnownFileType = image.tiff; name = bq.tiff; path = pieces/bq.tiff; sourceTree = "<group>"; };
		CED33BFB091E36EF005B773B /* br.tiff */ = {isa = PBXFileReference; lastKnownFileType = image.tiff; name = br.tiff; path = pieces/br.tiff; sourceTree = "<group>"; };
		CED33BFC091E36EF005B773B /* wb.tiff */ = {isa = PBXFileReference; lastKnownFileType = image.tiff; name = wb.tiff; path = pieces/wb.tiff; sourceTree = "<group>"; };
		CED33BFD091E36EF005B773B /* wk.tiff */ = {isa = PBXFileReference; lastKnownFileType = image.tiff; name = wk.tiff; path = pieces/wk.tiff; sourceTree = "<group>"; };
		CED33BFE091E36EF005B773B /* wn.tiff */ = {isa = PBXFileReference; lastKnownFileType = image.tiff; name = wn.tiff; path = pieces/wn.tiff; sourceTree = "<group>"; };
		CED33BFF091E36EF005B773B /* wp.tiff */ = {isa = PBXFileReference; lastKnownFileType = image.tiff; name = wp.tiff; path = pieces/wp.tiff; sourceTree = "<group>"; };
		CED33C00091E36EF005B773B /* wq.tiff */ = {isa = PBXFileReference; lastKnownFileType = image.tiff; name = wq.tiff; path = pieces/wq.tiff; sourceTree = "<group>"; };
		CED33C01091E36EF005B773B /* wr.tiff */ = {isa = PBXFileReference; lastKnownFileType = image.tiff; name = wr.tiff; path = pieces/wr.tiff; sourceTree = "<group>"; };
/* End PBXFileReference section */

/* Begin PBXFrameworksBuildPhase section */
		8D11072E0486CEB800E47090 /* Frameworks */ = {
			isa = PBXFrameworksBuildPhase;
			buildActionMask = 2147483647;
			files = (
				CE2091600939B039008697DE /* Foundation.framework in Frameworks */,
				CE2091610939B03A008697DE /* Cocoa.framework in Frameworks */,
				CE2091620939B041008697DE /* AppKit.framework in Frameworks */,
				CE2091760939B17D008697DE /* CoreData.framework in Frameworks */,
			);
			runOnlyForDeploymentPostprocessing = 0;
		};
/* End PBXFrameworksBuildPhase section */

/* Begin PBXGroup section */
		080E96DDFE201D6D7F000001 /* Classes */ = {
			isa = PBXGroup;
			children = (
				CE7D60CA0939942600AC6D87 /* GameWindowController.h */,
				CE69B0D3094BB6D900F4E6D9 /* global.h */,
				CE9CFDEB093758CF00724529 /* ChessServerList.h */,
				CE9CFDEC093758CF00724529 /* ChessServerList.m */,
				CE9CFDF0093758E100724529 /* ChessServerListControl.h */,
				CE9CFDF1093758E100724529 /* ChessServerListControl.m */,
				CE9CFDE1093756DF00724529 /* ChessMove.h */,
				CE9CFDE2093756DF00724529 /* ChessMove.m */,
				CE9CFDDC0937565D00724529 /* Board.h */,
				CE9CFDDD0937565D00724529 /* Board.m */,
				CEA0CBDF09015EAC00BF913A /* Game.h */,
				CE7D60CB0939942600AC6D87 /* GameWindowController.m */,
				CEA0CBE009015EAC00BF913A /* Game.m */,
				CEA8303409028C85003FFFDB /* ChessView.h */,
				CEA8303509028C85003FFFDB /* ChessView.m */,
				CEA8305709029C98003FFFDB /* AppController.h */,
				CEA8305809029C98003FFFDB /* AppController.m */,
				CEAE4379090B4B8F00B56E1C /* ChessServer.h */,
				CE8D9BC6090B96B000864136 /* Seek.h */,
				CE8D9BC7090B96B000864136 /* Seek.m */,
				CEAE437A090B4B8F00B56E1C /* ChessServer.m */,
				CE7D606A093945EC00AC6D87 /* ChessServerConnection.h */,
				CE7D606B093945EC00AC6D87 /* ChessServerConnection.m */,
				CE6E4340095113CA00202A86 /* PatternMatching.h */,
				CE6E4341095113CA00202A86 /* PatternMatching.m */,
			);
			name = Classes;
			sourceTree = "<group>";
		};
		1058C7A0FEA54F0111CA2CBB /* Linked Frameworks */ = {
			isa = PBXGroup;
			children = (
				1058C7A1FEA54F0111CA2CBB /* Cocoa.framework */,
			);
			name = "Linked Frameworks";
			sourceTree = "<group>";
		};
		1058C7A2FEA54F0111CA2CBB /* Other Frameworks */ = {
			isa = PBXGroup;
			children = (
				29B97324FDCFA39411CA2CEA /* AppKit.framework */,
				13E42FB307B3F0F600E4EEF1 /* CoreData.framework */,
				29B97325FDCFA39411CA2CEA /* Foundation.framework */,
			);
			name = "Other Frameworks";
			sourceTree = "<group>";
		};
		19C28FACFE9D520D11CA2CBB /* Products */ = {
			isa = PBXGroup;
			children = (
				8D1107320486CEB800E47090 /* icsinterface.app */,
			);
			name = Products;
			sourceTree = "<group>";
		};
		29B97314FDCFA39411CA2CEA /* icsinterface */ = {
			isa = PBXGroup;
			children = (
				080E96DDFE201D6D7F000001 /* Classes */,
				29B97315FDCFA39411CA2CEA /* Other Sources */,
				29B97317FDCFA39411CA2CEA /* Resources */,
				29B97323FDCFA39411CA2CEA /* Frameworks */,
				19C28FACFE9D520D11CA2CBB /* Products */,
			);
			name = icsinterface;
			sourceTree = "<group>";
		};
		29B97315FDCFA39411CA2CEA /* Other Sources */ = {
			isa = PBXGroup;
			children = (
				32CA4F630368D1EE00C91783 /* icsinterface_Prefix.pch */,
				29B97316FDCFA39411CA2CEA /* main.m */,
			);
			name = "Other Sources";
			sourceTree = "<group>";
		};
		29B97317FDCFA39411CA2CEA /* Resources */ = {
			isa = PBXGroup;
			children = (
				CE7D60D609399D0000AC6D87 /* GameWindow.nib */,
				8D1107310486CEB800E47090 /* Info.plist */,
				CE7D60FB0939A15A00AC6D87 /* ServerSelector.nib */,
				089C165CFE840E0CC02AAC07 /* InfoPlist.strings */,
				29B97318FDCFA39411CA2CEA /* MainMenu.nib */,
				CED33BF4091E36E0005B773B /* bb.tiff */,
				CED33BF7091E36EF005B773B /* bk.tiff */,
				CED33BF8091E36EF005B773B /* bn.tiff */,
				CED33BF9091E36EF005B773B /* bp.tiff */,
				CED33BFA091E36EF005B773B /* bq.tiff */,
				CED33BFB091E36EF005B773B /* br.tiff */,
				CED33BFC091E36EF005B773B /* wb.tiff */,
				CED33BFD091E36EF005B773B /* wk.tiff */,
				CED33BFE091E36EF005B773B /* wn.tiff */,
				CED33BFF091E36EF005B773B /* wp.tiff */,
				CED33C00091E36EF005B773B /* wq.tiff */,
				CED33C01091E36EF005B773B /* wr.tiff */,
			);
			name = Resources;
			sourceTree = "<group>";
		};
		29B97323FDCFA39411CA2CEA /* Frameworks */ = {
			isa = PBXGroup;
			children = (
				1058C7A0FEA54F0111CA2CBB /* Linked Frameworks */,
				1058C7A2FEA54F0111CA2CBB /* Other Frameworks */,
			);
			name = Frameworks;
			sourceTree = "<group>";
		};
/* End PBXGroup section */

/* Begin PBXNativeTarget section */
		8D1107260486CEB800E47090 /* icsinterface */ = {
			isa = PBXNativeTarget;
			buildConfigurationList = CEA0CBD509015E9A00BF913A /* Build configuration list for PBXNativeTarget "icsinterface" */;
			buildPhases = (
				8D1107290486CEB800E47090 /* Resources */,
				8D11072C0486CEB800E47090 /* Sources */,
				8D11072E0486CEB800E47090 /* Frameworks */,
			);
			buildRules = (
			);
			buildSettings = {
				GCC_GENERATE_DEBUGGING_SYMBOLS = NO;
				GCC_PRECOMPILE_PREFIX_HEADER = YES;
				GCC_PREFIX_HEADER = icsinterface_Prefix.pch;
				GCC_WARN_ABOUT_RETURN_TYPE = YES;
				GCC_WARN_UNUSED_VARIABLE = YES;
				INFOPLIST_FILE = Info.plist;
				INSTALL_PATH = "$(HOME)/Applications";
				PRODUCT_NAME = icsinterface;
				WRAPPER_EXTENSION = app;
			};
			dependencies = (
			);
			name = icsinterface;
			productInstallPath = "$(HOME)/Applications";
			productName = icsinterface;
			productReference = 8D1107320486CEB800E47090 /* icsinterface.app */;
			productType = "com.apple.product-type.application";
		};
/* End PBXNativeTarget section */

/* Begin PBXProject section */
		29B97313FDCFA39411CA2CEA /* Project object */ = {
			isa = PBXProject;
			buildConfigurationList = CEA0CBD909015E9A00BF913A /* Build configuration list for PBXProject "icsinterface" */;
			buildSettings = {
			};
			buildStyles = (
				4A9504CCFFE6A4B311CA0CBA /* Debug */,
				4A9504CDFFE6A4B311CA0CBA /* Release */,
			);
			hasScannedForEncodings = 1;
			mainGroup = 29B97314FDCFA39411CA2CEA /* icsinterface */;
			projectDirPath = "";
			targets = (
				8D1107260486CEB800E47090 /* icsinterface */,
			);
		};
/* End PBXProject section */

/* Begin PBXResourcesBuildPhase section */
		8D1107290486CEB800E47090 /* Resources */ = {
			isa = PBXResourcesBuildPhase;
			buildActionMask = 2147483647;
			files = (
				8D11072A0486CEB800E47090 /* MainMenu.nib in Resources */,
				8D11072B0486CEB800E47090 /* InfoPlist.strings in Resources */,
				CE2091520939B008008697DE /* wr.tiff in Resources */,
				CE2091530939B009008697DE /* wq.tiff in Resources */,
				CE2091540939B00A008697DE /* wp.tiff in Resources */,
				CE2091550939B00B008697DE /* wn.tiff in Resources */,
				CE2091560939B00B008697DE /* wk.tiff in Resources */,
				CE2091570939B00C008697DE /* wb.tiff in Resources */,
				CE2091580939B014008697DE /* br.tiff in Resources */,
				CE2091590939B015008697DE /* bq.tiff in Resources */,
				CE20915A0939B015008697DE /* bp.tiff in Resources */,
				CE20915C0939B019008697DE /* bn.tiff in Resources */,
				CE20915D0939B019008697DE /* bk.tiff in Resources */,
				CE20915E0939B01A008697DE /* bb.tiff in Resources */,
				CE69B2F6094BD9E500F4E6D9 /* GameWindow.nib in Resources */,
				CE2091770939B185008697DE /* ServerSelector.nib in Resources */,
				CE2092D20939C5C6008697DE /* Info.plist in Resources */,
			);
			runOnlyForDeploymentPostprocessing = 0;
		};
/* End PBXResourcesBuildPhase section */

/* Begin PBXSourcesBuildPhase section */
		8D11072C0486CEB800E47090 /* Sources */ = {
			isa = PBXSourcesBuildPhase;
			buildActionMask = 2147483647;
			files = (
				CE20913C0939AF98008697DE /* AppController.m in Sources */,
				CE2091500939AFED008697DE /* main.m in Sources */,
				CE20915B0939B016008697DE /* Board.m in Sources */,
				CE2091740939B16A008697DE /* ChessServerListControl.m in Sources */,
				CE2091750939B16C008697DE /* ChessServerList.m in Sources */,
				CE20923F0939B71F008697DE /* ChessServer.m in Sources */,
				CE69B08D094BB4F400F4E6D9 /* ChessServerConnection.m in Sources */,
				CE69B23E094BCE8400F4E6D9 /* GameWindowController.m in Sources */,
				CE69B300094BDA4B00F4E6D9 /* ChessView.m in Sources */,
				CEDE1124094C431E0085CC1F /* Seek.m in Sources */,
				CEDE1245094C6B020085CC1F /* ChessMove.m in Sources */,
				CE9A655E094E532E001628CC /* Game.m in Sources */,
				CE6E4342095113CA00202A86 /* PatternMatching.m in Sources */,
			);
			runOnlyForDeploymentPostprocessing = 0;
		};
/* End PBXSourcesBuildPhase section */

/* Begin PBXVariantGroup section */
		089C165CFE840E0CC02AAC07 /* InfoPlist.strings */ = {
			isa = PBXVariantGroup;
			children = (
				089C165DFE840E0CC02AAC07 /* English */,
			);
			name = InfoPlist.strings;
			sourceTree = "<group>";
		};
		29B97318FDCFA39411CA2CEA /* MainMenu.nib */ = {
			isa = PBXVariantGroup;
			children = (
				29B97319FDCFA39411CA2CEA /* English */,
			);
			name = MainMenu.nib;
			sourceTree = "<group>";
		};
/* End PBXVariantGroup section */

/* Begin XCBuildConfiguration section */
		CEA0CBD609015E9A00BF913A /* Debug */ = {
			isa = XCBuildConfiguration;
			buildSettings = {
				COPY_PHASE_STRIP = NO;
				GCC_DYNAMIC_NO_PIC = NO;
				GCC_ENABLE_CPP_EXCEPTIONS = NO;
				GCC_ENABLE_CPP_RTTI = NO;
				GCC_ENABLE_FIX_AND_CONTINUE = YES;
				GCC_GENERATE_DEBUGGING_SYMBOLS = YES;
				GCC_OPTIMIZATION_LEVEL = 0;
				GCC_PRECOMPILE_PREFIX_HEADER = YES;
				GCC_PREFIX_HEADER = icsinterface_Prefix.pch;
				GCC_WARN_ABOUT_RETURN_TYPE = YES;
				GCC_WARN_UNUSED_VARIABLE = YES;
				INFOPLIST_FILE = Info.plist;
				INSTALL_PATH = "$(HOME)/Applications";
				LIBRARY_STYLE = DYNAMIC;
				PREBINDING = NO;
				PRODUCT_NAME = icsinterface;
				WRAPPER_EXTENSION = app;
				ZERO_LINK = YES;
			};
			name = Debug;
		};
		CEA0CBD709015E9A00BF913A /* Release */ = {
			isa = XCBuildConfiguration;
			buildSettings = {
				COPY_PHASE_STRIP = YES;
				GCC_ENABLE_CPP_EXCEPTIONS = NO;
				GCC_ENABLE_CPP_RTTI = NO;
				GCC_ENABLE_FIX_AND_CONTINUE = NO;
				GCC_GENERATE_DEBUGGING_SYMBOLS = NO;
				GCC_PRECOMPILE_PREFIX_HEADER = YES;
				GCC_PREFIX_HEADER = icsinterface_Prefix.pch;
				GCC_WARN_ABOUT_RETURN_TYPE = YES;
				GCC_WARN_UNUSED_VARIABLE = YES;
				INFOPLIST_FILE = Info.plist;
				INSTALL_PATH = "$(HOME)/Applications";
				LIBRARY_STYLE = DYNAMIC;
				PREBINDING = NO;
				PRODUCT_NAME = icsinterface;
				WRAPPER_EXTENSION = app;
				ZERO_LINK = NO;
			};
			name = Release;
		};
		CEA0CBD809015E9A00BF913A /* Default */ = {
			isa = XCBuildConfiguration;
			buildSettings = {
				GCC_ENABLE_CPP_EXCEPTIONS = NO;
				GCC_ENABLE_CPP_RTTI = NO;
				GCC_GENERATE_DEBUGGING_SYMBOLS = NO;
				GCC_PRECOMPILE_PREFIX_HEADER = YES;
				GCC_PREFIX_HEADER = icsinterface_Prefix.pch;
				GCC_WARN_ABOUT_RETURN_TYPE = YES;
				GCC_WARN_UNUSED_VARIABLE = YES;
				INFOPLIST_FILE = Info.plist;
				INSTALL_PATH = "$(HOME)/Applications";
				LIBRARY_STYLE = DYNAMIC;
				PRODUCT_NAME = icsinterface;
				WRAPPER_EXTENSION = app;
			};
			name = Default;
		};
		CEA0CBDA09015E9A00BF913A /* Debug */ = {
			isa = XCBuildConfiguration;
			buildSettings = {
			};
			name = Debug;
		};
		CEA0CBDB09015E9A00BF913A /* Release */ = {
			isa = XCBuildConfiguration;
			buildSettings = {
			};
			name = Release;
		};
		CEA0CBDC09015E9A00BF913A /* Default */ = {
			isa = XCBuildConfiguration;
			buildSettings = {
			};
			name = Default;
		};
/* End XCBuildConfiguration section */

/* Begin XCConfigurationList section */
		CEA0CBD509015E9A00BF913A /* Build configuration list for PBXNativeTarget "icsinterface" */ = {
			isa = XCConfigurationList;
			buildConfigurations = (
				CEA0CBD609015E9A00BF913A /* Debug */,
				CEA0CBD709015E9A00BF913A /* Release */,
				CEA0CBD809015E9A00BF913A /* Default */,
			);
			defaultConfigurationIsVisible = 0;
			defaultConfigurationName = Default;
		};
		CEA0CBD909015E9A00BF913A /* Build configuration list for PBXProject "icsinterface" */ = {
			isa = XCConfigurationList;
			buildConfigurations = (
				CEA0CBDA09015E9A00BF913A /* Debug */,
				CEA0CBDB09015E9A00BF913A /* Release */,
				CEA0CBDC09015E9A00BF913A /* Default */,
			);
			defaultConfigurationIsVisible = 0;
			defaultConfigurationName = Default;
		};
/* End XCConfigurationList section */
	};
	rootObject = 29B97313FDCFA39411CA2CEA /* Project object */;
}
