// !$*UTF8*$!
{
	archiveVersion = 1;
	classes = {
	};
	objectVersion = 42;
	objects = {

/* Begin PBXBuildFile section */
		8D11072A0486CEB800E47090 /* MainMenu.nib in Resources */ = {isa = PBXBuildFile; fileRef = 29B97318FDCFA39411CA2CEA /* MainMenu.nib */; };
		8D11072B0486CEB800E47090 /* InfoPlist.strings in Resources */ = {isa = PBXBuildFile; fileRef = 089C165CFE840E0CC02AAC07 /* InfoPlist.strings */; };
		CE2091500939AFED008697DE /* main.m in Sources */ = {isa = PBXBuildFile; fileRef = 29B97316FDCFA39411CA2CEA /* main.m */; };
		CE2091520939B008008697DE /* wr.tiff in Resources */ = {isa = PBXBuildFile; fileRef = CED33C01091E36EF005B773B /* wr.tiff */; };
		CE2091530939B009008697DE /* wq.tiff in Resources */ = {isa = PBXBuildFile; fileRef = CED33C00091E36EF005B773B /* wq.tiff */; };
		CE2091540939B00A008697DE /* wp.tiff in Resources */ = {isa = PBXBuildFile; fileRef = CED33BFF091E36EF005B773B /* wp.tiff */; };
		CE2091550939B00B008697DE /* wn.tiff in Resources */ = {isa = PBXBuildFile; fileRef = CED33BFE091E36EF005B773B /* wn.tiff */; };
		CE2091560939B00B008697DE /* wk.tiff in Resources */ = {isa = PBXBuildFile; fileRef = CED33BFD091E36EF005B773B /* wk.tiff */; };
		CE2091570939B00C008697DE /* wb.tiff in Resources */ = {isa = PBXBuildFile; fileRef = CED33BFC091E36EF005B773B /* wb.tiff */; };
		CE2091580939B014008697DE /* br.tiff in Resources */ = {isa = PBXBuildFile; fileRef = CED33BFB091E36EF005B773B /* br.tiff */; };
		CE2091590939B015008697DE /* bq.tiff in Resources */ = {isa = PBXBuildFile; fileRef = CED33BFA091E36EF005B773B /* bq.tiff */; };
		CE20915A0939B015008697DE /* bp.tiff in Resources */ = {isa = PBXBuildFile; fileRef = CED33BF9091E36EF005B773B /* bp.tiff */; };
		CE20915C0939B019008697DE /* bn.tiff in Resources */ = {isa = PBXBuildFile; fileRef = CED33BF8091E36EF005B773B /* bn.tiff */; };
		CE20915D0939B019008697DE /* bk.tiff in Resources */ = {isa = PBXBuildFile; fileRef = CED33BF7091E36EF005B773B /* bk.tiff */; };
		CE20915E0939B01A008697DE /* bb.tiff in Resources */ = {isa = PBXBuildFile; fileRef = CED33BF4091E36E0005B773B /* bb.tiff */; };
		CE2091600939B039008697DE /* Foundation.framework in Frameworks */ = {isa = PBXBuildFile; fileRef = 29B97325FDCFA39411CA2CEA /* Foundation.framework */; };
		CE2091610939B03A008697DE /* Cocoa.framework in Frameworks */ = {isa = PBXBuildFile; fileRef = 1058C7A1FEA54F0111CA2CBB /* Cocoa.framework */; };
		CE2091620939B041008697DE /* AppKit.framework in Frameworks */ = {isa = PBXBuildFile; fileRef = 29B97324FDCFA39411CA2CEA /* AppKit.framework */; };
		CE2091760939B17D008697DE /* CoreData.framework in Frameworks */ = {isa = PBXBuildFile; fileRef = 13E42FB307B3F0F600E4EEF1 /* CoreData.framework */; };
		CE2091770939B185008697DE /* ServerSelector.nib in Resources */ = {isa = PBXBuildFile; fileRef = CE7D60FB0939A15A00AC6D87 /* ServerSelector.nib */; };
		CE2092D20939C5C6008697DE /* Info.plist in Resources */ = {isa = PBXBuildFile; fileRef = 8D1107310486CEB800E47090 /* Info.plist */; };
		CE2950EE09554DB0006C8D90 /* SoundNewGame.aiff in Resources */ = {isa = PBXBuildFile; fileRef = CE2950ED09554DB0006C8D90 /* SoundNewGame.aiff */; };
		CE2951A2095566BA006C8D90 /* SoundMoveOther.aiff in Resources */ = {isa = PBXBuildFile; fileRef = CE29519E095566BA006C8D90 /* SoundMoveOther.aiff */; };
		CE2951A3095566BB006C8D90 /* SoundMoveSelf.aiff in Resources */ = {isa = PBXBuildFile; fileRef = CE29519F095566BA006C8D90 /* SoundMoveSelf.aiff */; };
		CE2951CD09559866006C8D90 /* SoundGameEnd.aiff in Resources */ = {isa = PBXBuildFile; fileRef = CE2951CB09559866006C8D90 /* SoundGameEnd.aiff */; };
		CE2951CE09559866006C8D90 /* SoundMessage.aiff in Resources */ = {isa = PBXBuildFile; fileRef = CE2951CC09559866006C8D90 /* SoundMessage.aiff */; };
		CE2951E30955B024006C8D90 /* Seek.nib in Resources */ = {isa = PBXBuildFile; fileRef = CE2951E20955B024006C8D90 /* Seek.nib */; };
		CE69B2F6094BD9E500F4E6D9 /* GameWindow.nib in Resources */ = {isa = PBXBuildFile; fileRef = CE7D60D609399D0000AC6D87 /* GameWindow.nib */; };
		CED82AD80955BFC60073F9CD /* AppController.m in Sources */ = {isa = PBXBuildFile; fileRef = CED82A6E0955BFC50073F9CD /* AppController.m */; };
		CED82AD90955BFC60073F9CD /* Board.m in Sources */ = {isa = PBXBuildFile; fileRef = CED82A700955BFC60073F9CD /* Board.m */; };
		CED82AE60955BFC60073F9CD /* ChessMove.m in Sources */ = {isa = PBXBuildFile; fileRef = CED82A840955BFC60073F9CD /* ChessMove.m */; };
		CED82AE80955BFC60073F9CD /* ChessServer.m in Sources */ = {isa = PBXBuildFile; fileRef = CED82A870955BFC60073F9CD /* ChessServer.m */; };
		CED82AE90955BFC60073F9CD /* ChessServerConnection.m in Sources */ = {isa = PBXBuildFile; fileRef = CED82A890955BFC60073F9CD /* ChessServerConnection.m */; };
		CED82AEA0955BFC60073F9CD /* ChessServerList.m in Sources */ = {isa = PBXBuildFile; fileRef = CED82A8B0955BFC60073F9CD /* ChessServerList.m */; };
		CED82AEB0955BFC60073F9CD /* ChessServerListControl.m in Sources */ = {isa = PBXBuildFile; fileRef = CED82A8D0955BFC60073F9CD /* ChessServerListControl.m */; };
		CED82AEC0955BFC60073F9CD /* ChessView.m in Sources */ = {isa = PBXBuildFile; fileRef = CED82A8F0955BFC60073F9CD /* ChessView.m */; };
		CED82AF00955BFC60073F9CD /* Game.m in Sources */ = {isa = PBXBuildFile; fileRef = CED82A970955BFC60073F9CD /* Game.m */; };
		CED82AF20955BFC60073F9CD /* GameWindowController.m in Sources */ = {isa = PBXBuildFile; fileRef = CED82A9A0955BFC60073F9CD /* GameWindowController.m */; };
		CED82AF90955BFC60073F9CD /* main.m in Sources */ = {isa = PBXBuildFile; fileRef = CED82AA90955BFC60073F9CD /* main.m */; };
		CED82AFA0955BFC60073F9CD /* PatternMatching.m in Sources */ = {isa = PBXBuildFile; fileRef = CED82AAB0955BFC60073F9CD /* PatternMatching.m */; };
		CED82B070955BFC60073F9CD /* PlayView.m in Sources */ = {isa = PBXBuildFile; fileRef = CED82ABA0955BFC60073F9CD /* PlayView.m */; };
		CED82B080955BFC60073F9CD /* Seek.m in Sources */ = {isa = PBXBuildFile; fileRef = CED82ABC0955BFC60073F9CD /* Seek.m */; };
		CED82B0C0955BFC60073F9CD /* SeekControl.m in Sources */ = {isa = PBXBuildFile; fileRef = CED82AC00955BFC60073F9CD /* SeekControl.m */; };
		CED82B830955C2D60073F9CD /* Sound.m in Sources */ = {isa = PBXBuildFile; fileRef = CED82B820955C2D60073F9CD /* Sound.m */; };
		CED831BF09578FEE0073F9CD /* ChatWindowController.m in Sources */ = {isa = PBXBuildFile; fileRef = CED831BE09578FEE0073F9CD /* ChatWindowController.m */; };
		CED83248095792870073F9CD /* OutputLine.m in Sources */ = {isa = PBXBuildFile; fileRef = CED83247095792860073F9CD /* OutputLine.m */; };
		CED8329409579A130073F9CD /* ChatWindow.nib in Resources */ = {isa = PBXBuildFile; fileRef = CED8329309579A130073F9CD /* ChatWindow.nib */; };
/* End PBXBuildFile section */

/* Begin PBXBuildStyle section */
		4A9504CCFFE6A4B311CA0CBA /* Debug */ = {
			isa = PBXBuildStyle;
			buildSettings = {
				COPY_PHASE_STRIP = NO;
				GCC_DYNAMIC_NO_PIC = NO;
				GCC_ENABLE_FIX_AND_CONTINUE = YES;
				GCC_GENERATE_DEBUGGING_SYMBOLS = YES;
				GCC_OPTIMIZATION_LEVEL = 0;
				PREBINDING = NO;
				ZERO_LINK = YES;
			};
			name = Debug;
		};
		4A9504CDFFE6A4B311CA0CBA /* Release */ = {
			isa = PBXBuildStyle;
			buildSettings = {
				COPY_PHASE_STRIP = YES;
				GCC_ENABLE_FIX_AND_CONTINUE = NO;
				GCC_GENERATE_DEBUGGING_SYMBOLS = NO;
				PREBINDING = NO;
				ZERO_LINK = NO;
			};
			name = Release;
		};
/* End PBXBuildStyle section */

/* Begin PBXFileReference section */
		089C165DFE840E0CC02AAC07 /* English */ = {isa = PBXFileReference; fileEncoding = 10; lastKnownFileType = text.plist.strings; name = English; path = English.lproj/InfoPlist.strings; sourceTree = "<group>"; };
		1058C7A1FEA54F0111CA2CBB /* Cocoa.framework */ = {isa = PBXFileReference; lastKnownFileType = wrapper.framework; name = Cocoa.framework; path = /System/Library/Frameworks/Cocoa.framework; sourceTree = "<absolute>"; };
		13E42FB307B3F0F600E4EEF1 /* CoreData.framework */ = {isa = PBXFileReference; lastKnownFileType = wrapper.framework; name = CoreData.framework; path = /System/Library/Frameworks/CoreData.framework; sourceTree = "<absolute>"; };
		29B97316FDCFA39411CA2CEA /* main.m */ = {isa = PBXFileReference; fileEncoding = 4; lastKnownFileType = sourcecode.c.objc; path = main.m; sourceTree = "<group>"; };
		29B97319FDCFA39411CA2CEA /* English */ = {isa = PBXFileReference; lastKnownFileType = wrapper.nib; name = English; path = English.lproj/MainMenu.nib; sourceTree = "<group>"; };
		29B97324FDCFA39411CA2CEA /* AppKit.framework */ = {isa = PBXFileReference; lastKnownFileType = wrapper.framework; name = AppKit.framework; path = /System/Library/Frameworks/AppKit.framework; sourceTree = "<absolute>"; };
		29B97325FDCFA39411CA2CEA /* Foundation.framework */ = {isa = PBXFileReference; lastKnownFileType = wrapper.framework; name = Foundation.framework; path = /System/Library/Frameworks/Foundation.framework; sourceTree = "<absolute>"; };
		32CA4F630368D1EE00C91783 /* icsinterface_Prefix.pch */ = {isa = PBXFileReference; fileEncoding = 4; lastKnownFileType = sourcecode.c.h; path = icsinterface_Prefix.pch; sourceTree = "<group>"; };
		8D1107310486CEB800E47090 /* Info.plist */ = {isa = PBXFileReference; fileEncoding = 4; lastKnownFileType = text.plist; path = Info.plist; sourceTree = "<group>"; };
		8D1107320486CEB800E47090 /* icsinterface.app */ = {isa = PBXFileReference; explicitFileType = wrapper.application; includeInIndex = 0; path = icsinterface.app; sourceTree = BUILT_PRODUCTS_DIR; };
		CE2950ED09554DB0006C8D90 /* SoundNewGame.aiff */ = {isa = PBXFileReference; lastKnownFileType = audio.aiff; name = SoundNewGame.aiff; path = sounds/SoundNewGame.aiff; sourceTree = "<group>"; };
		CE29519E095566BA006C8D90 /* SoundMoveOther.aiff */ = {isa = PBXFileReference; lastKnownFileType = audio.aiff; name = SoundMoveOther.aiff; path = sounds/SoundMoveOther.aiff; sourceTree = "<group>"; };
		CE29519F095566BA006C8D90 /* SoundMoveSelf.aiff */ = {isa = PBXFileReference; lastKnownFileType = audio.aiff; name = SoundMoveSelf.aiff; path = sounds/SoundMoveSelf.aiff; sourceTree = "<group>"; };
		CE2951CB09559866006C8D90 /* SoundGameEnd.aiff */ = {isa = PBXFileReference; lastKnownFileType = audio.aiff; name = SoundGameEnd.aiff; path = sounds/SoundGameEnd.aiff; sourceTree = "<group>"; };
		CE2951CC09559866006C8D90 /* SoundMessage.aiff */ = {isa = PBXFileReference; lastKnownFileType = audio.aiff; name = SoundMessage.aiff; path = sounds/SoundMessage.aiff; sourceTree = "<group>"; };
		CE2951E20955B024006C8D90 /* Seek.nib */ = {isa = PBXFileReference; lastKnownFileType = wrapper.nib; path = Seek.nib; sourceTree = "<group>"; };
		CE7D60D609399D0000AC6D87 /* GameWindow.nib */ = {isa = PBXFileReference; lastKnownFileType = wrapper.nib; path = GameWindow.nib; sourceTree = "<group>"; };
		CE7D60FB0939A15A00AC6D87 /* ServerSelector.nib */ = {isa = PBXFileReference; lastKnownFileType = wrapper.nib; path = ServerSelector.nib; sourceTree = "<group>"; };
		CED33BF4091E36E0005B773B /* bb.tiff */ = {isa = PBXFileReference; lastKnownFileType = image.tiff; name = bb.tiff; path = pieces/bb.tiff; sourceTree = "<group>"; };
		CED33BF7091E36EF005B773B /* bk.tiff */ = {isa = PBXFileReference; lastKnownFileType = image.tiff; name = bk.tiff; path = pieces/bk.tiff; sourceTree = "<group>"; };
		CED33BF8091E36EF005B773B /* bn.tiff */ = {isa = PBXFileReference; lastKnownFileType = image.tiff; name = bn.tiff; path = pieces/bn.tiff; sourceTree = "<group>"; };
		CED33BF9091E36EF005B773B /* bp.tiff */ = {isa = PBXFileReference; lastKnownFileType = image.tiff; name = bp.tiff; path = pieces/bp.tiff; sourceTree = "<group>"; };
		CED33BFA091E36EF005B773B /* bq.tiff */ = {isa = PBXFileReference; lastKnownFileType = image.tiff; name = bq.tiff; path = pieces/bq.tiff; sourceTree = "<group>"; };
		CED33BFB091E36EF005B773B /* br.tiff */ = {isa = PBXFileReference; lastKnownFileType = image.tiff; name = br.tiff; path = pieces/br.tiff; sourceTree = "<group>"; };
		CED33BFC091E36EF005B773B /* wb.tiff */ = {isa = PBXFileReference; lastKnownFileType = image.tiff; name = wb.tiff; path = pieces/wb.tiff; sourceTree = "<group>"; };
		CED33BFD091E36EF005B773B /* wk.tiff */ = {isa = PBXFileReference; lastKnownFileType = image.tiff; name = wk.tiff; path = pieces/wk.tiff; sourceTree = "<group>"; };
		CED33BFE091E36EF005B773B /* wn.tiff */ = {isa = PBXFileReference; lastKnownFileType = image.tiff; name = wn.tiff; path = pieces/wn.tiff; sourceTree = "<group>"; };
		CED33BFF091E36EF005B773B /* wp.tiff */ = {isa = PBXFileReference; lastKnownFileType = image.tiff; name = wp.tiff; path = pieces/wp.tiff; sourceTree = "<group>"; };
		CED33C00091E36EF005B773B /* wq.tiff */ = {isa = PBXFileReference; lastKnownFileType = image.tiff; name = wq.tiff; path = pieces/wq.tiff; sourceTree = "<group>"; };
		CED33C01091E36EF005B773B /* wr.tiff */ = {isa = PBXFileReference; lastKnownFileType = image.tiff; name = wr.tiff; path = pieces/wr.tiff; sourceTree = "<group>"; };
		CED82A6D0955BFC50073F9CD /* AppController.h */ = {isa = PBXFileReference; fileEncoding = 30; lastKnownFileType = sourcecode.c.h; path = AppController.h; sourceTree = "<group>"; };
		CED82A6E0955BFC50073F9CD /* AppController.m */ = {isa = PBXFileReference; fileEncoding = 30; lastKnownFileType = sourcecode.c.objc; path = AppController.m; sourceTree = "<group>"; };
		CED82A6F0955BFC50073F9CD /* Board.h */ = {isa = PBXFileReference; fileEncoding = 30; lastKnownFileType = sourcecode.c.h; path = Board.h; sourceTree = "<group>"; };
		CED82A700955BFC60073F9CD /* Board.m */ = {isa = PBXFileReference; fileEncoding = 30; lastKnownFileType = sourcecode.c.objc; path = Board.m; sourceTree = "<group>"; };
		CED82A830955BFC60073F9CD /* ChessMove.h */ = {isa = PBXFileReference; fileEncoding = 30; lastKnownFileType = sourcecode.c.h; path = ChessMove.h; sourceTree = "<group>"; };
		CED82A840955BFC60073F9CD /* ChessMove.m */ = {isa = PBXFileReference; fileEncoding = 30; lastKnownFileType = sourcecode.c.objc; path = ChessMove.m; sourceTree = "<group>"; };
		CED82A860955BFC60073F9CD /* ChessServer.h */ = {isa = PBXFileReference; fileEncoding = 30; lastKnownFileType = sourcecode.c.h; path = ChessServer.h; sourceTree = "<group>"; };
		CED82A870955BFC60073F9CD /* ChessServer.m */ = {isa = PBXFileReference; fileEncoding = 30; lastKnownFileType = sourcecode.c.objc; path = ChessServer.m; sourceTree = "<group>"; };
		CED82A880955BFC60073F9CD /* ChessServerConnection.h */ = {isa = PBXFileReference; fileEncoding = 30; lastKnownFileType = sourcecode.c.h; path = ChessServerConnection.h; sourceTree = "<group>"; };
		CED82A890955BFC60073F9CD /* ChessServerConnection.m */ = {isa = PBXFileReference; fileEncoding = 30; lastKnownFileType = sourcecode.c.objc; path = ChessServerConnection.m; sourceTree = "<group>"; };
		CED82A8A0955BFC60073F9CD /* ChessServerList.h */ = {isa = PBXFileReference; fileEncoding = 30; lastKnownFileType = sourcecode.c.h; path = ChessServerList.h; sourceTree = "<group>"; };
		CED82A8B0955BFC60073F9CD /* ChessServerList.m */ = {isa = PBXFileReference; fileEncoding = 30; lastKnownFileType = sourcecode.c.objc; path = ChessServerList.m; sourceTree = "<group>"; };
		CED82A8C0955BFC60073F9CD /* ChessServerListControl.h */ = {isa = PBXFileReference; fileEncoding = 30; lastKnownFileType = sourcecode.c.h; path = ChessServerListControl.h; sourceTree = "<group>"; };
		CED82A8D0955BFC60073F9CD /* ChessServerListControl.m */ = {isa = PBXFileReference; fileEncoding = 30; lastKnownFileType = sourcecode.c.objc; path = ChessServerListControl.m; sourceTree = "<group>"; };
		CED82A8E0955BFC60073F9CD /* ChessView.h */ = {isa = PBXFileReference; fileEncoding = 30; lastKnownFileType = sourcecode.c.h; path = ChessView.h; sourceTree = "<group>"; };
		CED82A8F0955BFC60073F9CD /* ChessView.m */ = {isa = PBXFileReference; fileEncoding = 30; lastKnownFileType = sourcecode.c.objc; path = ChessView.m; sourceTree = "<group>"; };
		CED82A960955BFC60073F9CD /* Game.h */ = {isa = PBXFileReference; fileEncoding = 30; lastKnownFileType = sourcecode.c.h; path = Game.h; sourceTree = "<group>"; };
		CED82A970955BFC60073F9CD /* Game.m */ = {isa = PBXFileReference; fileEncoding = 30; lastKnownFileType = sourcecode.c.objc; path = Game.m; sourceTree = "<group>"; };
		CED82A990955BFC60073F9CD /* GameWindowController.h */ = {isa = PBXFileReference; fileEncoding = 30; lastKnownFileType = sourcecode.c.h; path = GameWindowController.h; sourceTree = "<group>"; };
		CED82A9A0955BFC60073F9CD /* GameWindowController.m */ = {isa = PBXFileReference; fileEncoding = 30; lastKnownFileType = sourcecode.c.objc; path = GameWindowController.m; sourceTree = "<group>"; };
		CED82A9C0955BFC60073F9CD /* global.h */ = {isa = PBXFileReference; fileEncoding = 30; lastKnownFileType = sourcecode.c.h; path = global.h; sourceTree = "<group>"; };
		CED82AA90955BFC60073F9CD /* main.m */ = {isa = PBXFileReference; fileEncoding = 30; lastKnownFileType = sourcecode.c.objc; path = main.m; sourceTree = "<group>"; };
		CED82AAA0955BFC60073F9CD /* PatternMatching.h */ = {isa = PBXFileReference; fileEncoding = 30; lastKnownFileType = sourcecode.c.h; path = PatternMatching.h; sourceTree = "<group>"; };
		CED82AAB0955BFC60073F9CD /* PatternMatching.m */ = {isa = PBXFileReference; fileEncoding = 30; lastKnownFileType = sourcecode.c.objc; path = PatternMatching.m; sourceTree = "<group>"; };
		CED82AB90955BFC60073F9CD /* PlayView.h */ = {isa = PBXFileReference; fileEncoding = 30; lastKnownFileType = sourcecode.c.h; path = PlayView.h; sourceTree = "<group>"; };
		CED82ABA0955BFC60073F9CD /* PlayView.m */ = {isa = PBXFileReference; fileEncoding = 30; lastKnownFileType = sourcecode.c.objc; path = PlayView.m; sourceTree = "<group>"; };
		CED82ABB0955BFC60073F9CD /* Seek.h */ = {isa = PBXFileReference; fileEncoding = 30; lastKnownFileType = sourcecode.c.h; path = Seek.h; sourceTree = "<group>"; };
		CED82ABC0955BFC60073F9CD /* Seek.m */ = {isa = PBXFileReference; fileEncoding = 30; lastKnownFileType = sourcecode.c.objc; path = Seek.m; sourceTree = "<group>"; };
		CED82AC00955BFC60073F9CD /* SeekControl.m */ = {isa = PBXFileReference; fileEncoding = 30; lastKnownFileType = sourcecode.c.objc; path = SeekControl.m; sourceTree = "<group>"; };
		CED82B630955C0FA0073F9CD /* SeekControl.h */ = {isa = PBXFileReference; fileEncoding = 4; lastKnownFileType = sourcecode.c.h; path = SeekControl.h; sourceTree = "<group>"; };
		CED82B810955C2D60073F9CD /* Sound.h */ = {isa = PBXFileReference; fileEncoding = 4; lastKnownFileType = sourcecode.c.h; path = Sound.h; sourceTree = "<group>"; };
		CED82B820955C2D60073F9CD /* Sound.m */ = {isa = PBXFileReference; fileEncoding = 4; lastKnownFileType = sourcecode.c.objc; path = Sound.m; sourceTree = "<group>"; };
		CED831BD09578FEE0073F9CD /* ChatWindowController.h */ = {isa = PBXFileReference; fileEncoding = 4; lastKnownFileType = sourcecode.c.h; path = ChatWindowController.h; sourceTree = "<group>"; };
		CED831BE09578FEE0073F9CD /* ChatWindowController.m */ = {isa = PBXFileReference; fileEncoding = 4; lastKnownFileType = sourcecode.c.objc; path = ChatWindowController.m; sourceTree = "<group>"; };
		CED83246095792860073F9CD /* OutputLine.h */ = {isa = PBXFileReference; fileEncoding = 4; lastKnownFileType = sourcecode.c.h; path = OutputLine.h; sourceTree = "<group>"; };
		CED83247095792860073F9CD /* OutputLine.m */ = {isa = PBXFileReference; fileEncoding = 4; lastKnownFileType = sourcecode.c.objc; path = OutputLine.m; sourceTree = "<group>"; };
		CED8329309579A130073F9CD /* ChatWindow.nib */ = {isa = PBXFileReference; lastKnownFileType = wrapper.nib; path = ChatWindow.nib; sourceTree = "<group>"; };
/* End PBXFileReference section */

/* Begin PBXFrameworksBuildPhase section */
		8D11072E0486CEB800E47090 /* Frameworks */ = {
			isa = PBXFrameworksBuildPhase;
			buildActionMask = 2147483647;
			files = (
				CE2091600939B039008697DE /* Foundation.framework in Frameworks */,
				CE2091610939B03A008697DE /* Cocoa.framework in Frameworks */,
				CE2091620939B041008697DE /* AppKit.framework in Frameworks */,
				CE2091760939B17D008697DE /* CoreData.framework in Frameworks */,
			);
			runOnlyForDeploymentPostprocessing = 0;
		};
/* End PBXFrameworksBuildPhase section */

/* Begin PBXGroup section */
		1058C7A0FEA54F0111CA2CBB /* Linked Frameworks */ = {
			isa = PBXGroup;
			children = (
				1058C7A1FEA54F0111CA2CBB /* Cocoa.framework */,
			);
			name = "Linked Frameworks";
			sourceTree = "<group>";
		};
		1058C7A2FEA54F0111CA2CBB /* Other Frameworks */ = {
			isa = PBXGroup;
			children = (
				29B97324FDCFA39411CA2CEA /* AppKit.framework */,
				13E42FB307B3F0F600E4EEF1 /* CoreData.framework */,
				29B97325FDCFA39411CA2CEA /* Foundation.framework */,
			);
			name = "Other Frameworks";
			sourceTree = "<group>";
		};
		19C28FACFE9D520D11CA2CBB /* Products */ = {
			isa = PBXGroup;
			children = (
				8D1107320486CEB800E47090 /* icsinterface.app */,
			);
			name = Products;
			sourceTree = "<group>";
		};
		29B97314FDCFA39411CA2CEA /* icsinterface */ = {
			isa = PBXGroup;
			children = (
				CE2952740955B945006C8D90 /* Classes */,
				29B97315FDCFA39411CA2CEA /* Other Sources */,
				29B97317FDCFA39411CA2CEA /* Resources */,
				29B97323FDCFA39411CA2CEA /* Frameworks */,
				19C28FACFE9D520D11CA2CBB /* Products */,
			);
			name = icsinterface;
			sourceTree = "<group>";
		};
		29B97315FDCFA39411CA2CEA /* Other Sources */ = {
			isa = PBXGroup;
			children = (
				32CA4F630368D1EE00C91783 /* icsinterface_Prefix.pch */,
				29B97316FDCFA39411CA2CEA /* main.m */,
				CED82A9C0955BFC60073F9CD /* global.h */,
			);
			name = "Other Sources";
			sourceTree = "<group>";
		};
		29B97317FDCFA39411CA2CEA /* Resources */ = {
			isa = PBXGroup;
			children = (
				CE2951CB09559866006C8D90 /* SoundGameEnd.aiff */,
				CE2951CC09559866006C8D90 /* SoundMessage.aiff */,
				CE29519E095566BA006C8D90 /* SoundMoveOther.aiff */,
				CE29519F095566BA006C8D90 /* SoundMoveSelf.aiff */,
				CE2950ED09554DB0006C8D90 /* SoundNewGame.aiff */,
				CE7D60D609399D0000AC6D87 /* GameWindow.nib */,
				8D1107310486CEB800E47090 /* Info.plist */,
				CE7D60FB0939A15A00AC6D87 /* ServerSelector.nib */,
				089C165CFE840E0CC02AAC07 /* InfoPlist.strings */,
				29B97318FDCFA39411CA2CEA /* MainMenu.nib */,
				CED33BF4091E36E0005B773B /* bb.tiff */,
				CED33BF7091E36EF005B773B /* bk.tiff */,
				CED33BF8091E36EF005B773B /* bn.tiff */,
				CED33BF9091E36EF005B773B /* bp.tiff */,
				CED33BFA091E36EF005B773B /* bq.tiff */,
				CED33BFB091E36EF005B773B /* br.tiff */,
				CED33BFC091E36EF005B773B /* wb.tiff */,
				CED33BFD091E36EF005B773B /* wk.tiff */,
				CED33BFE091E36EF005B773B /* wn.tiff */,
				CED33BFF091E36EF005B773B /* wp.tiff */,
				CED33C00091E36EF005B773B /* wq.tiff */,
				CED33C01091E36EF005B773B /* wr.tiff */,
				CE2951E20955B024006C8D90 /* Seek.nib */,
				CED8329309579A130073F9CD /* ChatWindow.nib */,
			);
			name = Resources;
			sourceTree = "<group>";
		};
		29B97323FDCFA39411CA2CEA /* Frameworks */ = {
			isa = PBXGroup;
			children = (
				1058C7A0FEA54F0111CA2CBB /* Linked Frameworks */,
				1058C7A2FEA54F0111CA2CBB /* Other Frameworks */,
			);
			name = Frameworks;
			sourceTree = "<group>";
		};
		CE2952740955B945006C8D90 /* Classes */ = {
			isa = PBXGroup;
			children = (
				CED83246095792860073F9CD /* OutputLine.h */,
				CED83247095792860073F9CD /* OutputLine.m */,
				CED831BD09578FEE0073F9CD /* ChatWindowController.h */,
				CED831BE09578FEE0073F9CD /* ChatWindowController.m */,
				CED82A6D0955BFC50073F9CD /* AppController.h */,
				CED82A6E0955BFC50073F9CD /* AppController.m */,
				CED82A6F0955BFC50073F9CD /* Board.h */,
				CED82A700955BFC60073F9CD /* Board.m */,
				CED82A830955BFC60073F9CD /* ChessMove.h */,
				CED82A840955BFC60073F9CD /* ChessMove.m */,
				CED82A860955BFC60073F9CD /* ChessServer.h */,
				CED82A870955BFC60073F9CD /* ChessServer.m */,
				CED82A880955BFC60073F9CD /* ChessServerConnection.h */,
				CED82A890955BFC60073F9CD /* ChessServerConnection.m */,
				CED82A8A0955BFC60073F9CD /* ChessServerList.h */,
				CED82A8B0955BFC60073F9CD /* ChessServerList.m */,
				CED82A8C0955BFC60073F9CD /* ChessServerListControl.h */,
				CED82A8D0955BFC60073F9CD /* ChessServerListControl.m */,
				CED82A8E0955BFC60073F9CD /* ChessView.h */,
				CED82A8F0955BFC60073F9CD /* ChessView.m */,
				CED82A960955BFC60073F9CD /* Game.h */,
				CED82A970955BFC60073F9CD /* Game.m */,
				CED82A990955BFC60073F9CD /* GameWindowController.h */,
				CED82A9A0955BFC60073F9CD /* GameWindowController.m */,
				CED82AA90955BFC60073F9CD /* main.m */,
				CED82AAA0955BFC60073F9CD /* PatternMatching.h */,
				CED82AAB0955BFC60073F9CD /* PatternMatching.m */,
				CED82AB90955BFC60073F9CD /* PlayView.h */,
				CED82ABA0955BFC60073F9CD /* PlayView.m */,
				CED82ABB0955BFC60073F9CD /* Seek.h */,
				CED82ABC0955BFC60073F9CD /* Seek.m */,
				CED82AC00955BFC60073F9CD /* SeekControl.m */,
				CED82B630955C0FA0073F9CD /* SeekControl.h */,
				CED82B810955C2D60073F9CD /* Sound.h */,
				CED82B820955C2D60073F9CD /* Sound.m */,
			);
			name = Classes;
			sourceTree = "<group>";
		};
/* End PBXGroup section */

/* Begin PBXNativeTarget section */
		8D1107260486CEB800E47090 /* icsinterface */ = {
			isa = PBXNativeTarget;
			buildConfigurationList = CEA0CBD509015E9A00BF913A /* Build configuration list for PBXNativeTarget "icsinterface" */;
			buildPhases = (
				8D1107290486CEB800E47090 /* Resources */,
				8D11072C0486CEB800E47090 /* Sources */,
				8D11072E0486CEB800E47090 /* Frameworks */,
			);
			buildRules = (
			);
			buildSettings = {
				GCC_GENERATE_DEBUGGING_SYMBOLS = NO;
				GCC_PRECOMPILE_PREFIX_HEADER = YES;
				GCC_PREFIX_HEADER = icsinterface_Prefix.pch;
				GCC_WARN_ABOUT_RETURN_TYPE = YES;
				GCC_WARN_UNUSED_VARIABLE = YES;
				INFOPLIST_FILE = Info.plist;
				INSTALL_PATH = "$(HOME)/Applications";
				PRODUCT_NAME = icsinterface;
				WRAPPER_EXTENSION = app;
			};
			dependencies = (
			);
			name = icsinterface;
			productInstallPath = "$(HOME)/Applications";
			productName = icsinterface;
			productReference = 8D1107320486CEB800E47090 /* icsinterface.app */;
			productType = "com.apple.product-type.application";
		};
/* End PBXNativeTarget section */

/* Begin PBXProject section */
		29B97313FDCFA39411CA2CEA /* Project object */ = {
			isa = PBXProject;
			buildConfigurationList = CEA0CBD909015E9A00BF913A /* Build configuration list for PBXProject "icsinterface" */;
			buildSettings = {
			};
			buildStyles = (
				4A9504CCFFE6A4B311CA0CBA /* Debug */,
				4A9504CDFFE6A4B311CA0CBA /* Release */,
			);
			hasScannedForEncodings = 1;
			mainGroup = 29B97314FDCFA39411CA2CEA /* icsinterface */;
			projectDirPath = "";
			targets = (
				8D1107260486CEB800E47090 /* icsinterface */,
			);
		};
/* End PBXProject section */

/* Begin PBXResourcesBuildPhase section */
		8D1107290486CEB800E47090 /* Resources */ = {
			isa = PBXResourcesBuildPhase;
			buildActionMask = 2147483647;
			files = (
				8D11072A0486CEB800E47090 /* MainMenu.nib in Resources */,
				8D11072B0486CEB800E47090 /* InfoPlist.strings in Resources */,
				CE2091520939B008008697DE /* wr.tiff in Resources */,
				CE2091530939B009008697DE /* wq.tiff in Resources */,
				CE2091540939B00A008697DE /* wp.tiff in Resources */,
				CE2091550939B00B008697DE /* wn.tiff in Resources */,
				CE2091560939B00B008697DE /* wk.tiff in Resources */,
				CE2091570939B00C008697DE /* wb.tiff in Resources */,
				CE2091580939B014008697DE /* br.tiff in Resources */,
				CE2091590939B015008697DE /* bq.tiff in Resources */,
				CE20915A0939B015008697DE /* bp.tiff in Resources */,
				CE20915C0939B019008697DE /* bn.tiff in Resources */,
				CE20915D0939B019008697DE /* bk.tiff in Resources */,
				CE20915E0939B01A008697DE /* bb.tiff in Resources */,
				CE69B2F6094BD9E500F4E6D9 /* GameWindow.nib in Resources */,
				CE2091770939B185008697DE /* ServerSelector.nib in Resources */,
				CE2092D20939C5C6008697DE /* Info.plist in Resources */,
				CE2950EE09554DB0006C8D90 /* SoundNewGame.aiff in Resources */,
				CE2951A2095566BA006C8D90 /* SoundMoveOther.aiff in Resources */,
				CE2951A3095566BB006C8D90 /* SoundMoveSelf.aiff in Resources */,
				CE2951CD09559866006C8D90 /* SoundGameEnd.aiff in Resources */,
				CE2951CE09559866006C8D90 /* SoundMessage.aiff in Resources */,
				CE2951E30955B024006C8D90 /* Seek.nib in Resources */,
				CED8329409579A130073F9CD /* ChatWindow.nib in Resources */,
			);
			runOnlyForDeploymentPostprocessing = 0;
		};
/* End PBXResourcesBuildPhase section */

/* Begin PBXSourcesBuildPhase section */
		8D11072C0486CEB800E47090 /* Sources */ = {
			isa = PBXSourcesBuildPhase;
			buildActionMask = 2147483647;
			files = (
				CE2091500939AFED008697DE /* main.m in Sources */,
				CED82AD80955BFC60073F9CD /* AppController.m in Sources */,
				CED82AD90955BFC60073F9CD /* Board.m in Sources */,
				CED82AE60955BFC60073F9CD /* ChessMove.m in Sources */,
				CED82AE80955BFC60073F9CD /* ChessServer.m in Sources */,
				CED82AE90955BFC60073F9CD /* ChessServerConnection.m in Sources */,
				CED82AEA0955BFC60073F9CD /* ChessServerList.m in Sources */,
				CED82AEB0955BFC60073F9CD /* ChessServerListControl.m in Sources */,
				CED82AEC0955BFC60073F9CD /* ChessView.m in Sources */,
				CED82AF00955BFC60073F9CD /* Game.m in Sources */,
				CED82AF20955BFC60073F9CD /* GameWindowController.m in Sources */,
				CED82AF90955BFC60073F9CD /* main.m in Sources */,
				CED82AFA0955BFC60073F9CD /* PatternMatching.m in Sources */,
				CED82B070955BFC60073F9CD /* PlayView.m in Sources */,
				CED82B080955BFC60073F9CD /* Seek.m in Sources */,
				CED82B0C0955BFC60073F9CD /* SeekControl.m in Sources */,
				CED82B830955C2D60073F9CD /* Sound.m in Sources */,
				CED831BF09578FEE0073F9CD /* ChatWindowController.m in Sources */,
				CED83248095792870073F9CD /* OutputLine.m in Sources */,
			);
			runOnlyForDeploymentPostprocessing = 0;
		};
/* End PBXSourcesBuildPhase section */

/* Begin PBXVariantGroup section */
		089C165CFE840E0CC02AAC07 /* InfoPlist.strings */ = {
			isa = PBXVariantGroup;
			children = (
				089C165DFE840E0CC02AAC07 /* English */,
			);
			name = InfoPlist.strings;
			sourceTree = "<group>";
		};
		29B97318FDCFA39411CA2CEA /* MainMenu.nib */ = {
			isa = PBXVariantGroup;
			children = (
				29B97319FDCFA39411CA2CEA /* English */,
			);
			name = MainMenu.nib;
			sourceTree = "<group>";
		};
/* End PBXVariantGroup section */

/* Begin XCBuildConfiguration section */
		CEA0CBD609015E9A00BF913A /* Debug */ = {
			isa = XCBuildConfiguration;
			buildSettings = {
				COPY_PHASE_STRIP = NO;
				GCC_DYNAMIC_NO_PIC = NO;
				GCC_ENABLE_CPP_EXCEPTIONS = NO;
				GCC_ENABLE_CPP_RTTI = NO;
				GCC_ENABLE_FIX_AND_CONTINUE = YES;
				GCC_GENERATE_DEBUGGING_SYMBOLS = YES;
				GCC_OPTIMIZATION_LEVEL = 0;
				GCC_PRECOMPILE_PREFIX_HEADER = YES;
				GCC_PREFIX_HEADER = icsinterface_Prefix.pch;
				GCC_WARN_ABOUT_RETURN_TYPE = YES;
				GCC_WARN_UNUSED_VARIABLE = YES;
				INFOPLIST_FILE = Info.plist;
				INSTALL_PATH = "$(HOME)/Applications";
				LIBRARY_STYLE = DYNAMIC;
				PREBINDING = NO;
				PRODUCT_NAME = icsinterface;
				WRAPPER_EXTENSION = app;
				ZERO_LINK = YES;
			};
			name = Debug;
		};
		CEA0CBD709015E9A00BF913A /* Release */ = {
			isa = XCBuildConfiguration;
			buildSettings = {
				COPY_PHASE_STRIP = YES;
				GCC_ENABLE_CPP_EXCEPTIONS = NO;
				GCC_ENABLE_CPP_RTTI = NO;
				GCC_ENABLE_FIX_AND_CONTINUE = NO;
				GCC_GENERATE_DEBUGGING_SYMBOLS = NO;
				GCC_PRECOMPILE_PREFIX_HEADER = YES;
				GCC_PREFIX_HEADER = icsinterface_Prefix.pch;
				GCC_WARN_ABOUT_RETURN_TYPE = YES;
				GCC_WARN_UNUSED_VARIABLE = YES;
				INFOPLIST_FILE = Info.plist;
				INSTALL_PATH = "$(HOME)/Applications";
				LIBRARY_STYLE = DYNAMIC;
				PREBINDING = NO;
				PRODUCT_NAME = icsinterface;
				WRAPPER_EXTENSION = app;
				ZERO_LINK = NO;
			};
			name = Release;
		};
		CEA0CBD809015E9A00BF913A /* Default */ = {
			isa = XCBuildConfiguration;
			buildSettings = {
				GCC_ENABLE_CPP_EXCEPTIONS = NO;
				GCC_ENABLE_CPP_RTTI = NO;
				GCC_GENERATE_DEBUGGING_SYMBOLS = NO;
				GCC_PRECOMPILE_PREFIX_HEADER = YES;
				GCC_PREFIX_HEADER = icsinterface_Prefix.pch;
				GCC_WARN_ABOUT_RETURN_TYPE = YES;
				GCC_WARN_UNUSED_VARIABLE = YES;
				INFOPLIST_FILE = Info.plist;
				INSTALL_PATH = "$(HOME)/Applications";
				LIBRARY_STYLE = DYNAMIC;
				PRODUCT_NAME = icsinterface;
				WRAPPER_EXTENSION = app;
			};
			name = Default;
		};
		CEA0CBDA09015E9A00BF913A /* Debug */ = {
			isa = XCBuildConfiguration;
			buildSettings = {
			};
			name = Debug;
		};
		CEA0CBDB09015E9A00BF913A /* Release */ = {
			isa = XCBuildConfiguration;
			buildSettings = {
			};
			name = Release;
		};
		CEA0CBDC09015E9A00BF913A /* Default */ = {
			isa = XCBuildConfiguration;
			buildSettings = {
			};
			name = Default;
		};
/* End XCBuildConfiguration section */

/* Begin XCConfigurationList section */
		CEA0CBD509015E9A00BF913A /* Build configuration list for PBXNativeTarget "icsinterface" */ = {
			isa = XCConfigurationList;
			buildConfigurations = (
				CEA0CBD609015E9A00BF913A /* Debug */,
				CEA0CBD709015E9A00BF913A /* Release */,
				CEA0CBD809015E9A00BF913A /* Default */,
			);
			defaultConfigurationIsVisible = 0;
			defaultConfigurationName = Default;
		};
		CEA0CBD909015E9A00BF913A /* Build configuration list for PBXProject "icsinterface" */ = {
			isa = XCConfigurationList;
			buildConfigurations = (
				CEA0CBDA09015E9A00BF913A /* Debug */,
				CEA0CBDB09015E9A00BF913A /* Release */,
				CEA0CBDC09015E9A00BF913A /* Default */,
			);
			defaultConfigurationIsVisible = 0;
			defaultConfigurationName = Default;
		};
/* End XCConfigurationList section */
	};
	rootObject = 29B97313FDCFA39411CA2CEA /* Project object */;
}
